github.com/davecgh/go-spew v1.1.1 h1:vj9j/u1bqnvCEfJOwUhtlOARqs3+rkHYY13jYWTU97c=
github.com/davecgh/go-spew v1.1.1/go.mod h1:J7Y8YcW2NihsgmVo/mv3lAwl/skON4iLHjSsI+c5H38=
github.com/golang-jwt/jwt/v5 v5.3.1 h1:kYf81DTWFe7t+1VvL7eS+jKFVWaUnK9cB1qbwn63YCY=
github.com/golang-jwt/jwt/v5 v5.3.1/go.mod h1:fxCRLWMO43lRc8nhHWY6LGqRcf+1gQWArsqaEUEa5bE=
github.com/kr/pretty v0.3.1 h1:flRD4NNwYAUpkphVc1HcthR4KEIFJ65n8Mw5qdRn3LE=
github.com/kr/pretty v0.3.1/go.mod h1:hoEshYVHaxMs3cyo3Yncou5ZscifuDolrwPKZanG3xk=
github.com/kr/text v0.2.0 h1:5Nx0Ya0ZqY2ygV366QzturHI13Jq95ApcVaJBhpS+AY=
github.com/kr/text v0.2.0/go.mod h1:eLer722TekiGuMkidMxC/pM04lWEeraHUUmBw8l2grE=
github.com/pmezard/go-difflib v1.0.0 h1:4DBwDE0NGyQoBHbLQYPwSUPoCMWR5BEzIk/f1lZbAQM=
github.com/pmezard/go-difflib v1.0.0/go.mod h1:iKH77koFhYxTK1pcRnkKkqfTogsbg7gZNVY4sRDYZ/4=
github.com/rogpeppe/go-internal v1.14.1 h1:UQB4HGPB6osV0SQTLymcB4TgvyWu6ZyliaW0tI/otEQ=
github.com/rogpeppe/go-internal v1.14.1/go.mod h1:MaRKkUm5W0goXpeCfT7UZI6fk/L7L7so1lCWt35ZSgc=
github.com/soyaos/soyaos/pkg/auth v0.1.0-alpha.2 h1:LEw8sAWfEFqf7s//YcP90mgLI9ZUwa/+XLi6GWH2e3Q=
github.com/soyaos/soyaos/pkg/auth v0.1.0-alpha.2/go.mod h1:Qb72WUTJxrXIaZ1+VVAhQSzbEuRZIpUN9/55vkIpYCc=
github.com/soyaos/soyaos/pkg/kernel v0.1.0-alpha.2 h1:fwumW814EzU3jn0w40tKc4nLdnU2fayHRVxvv6zCtpU=
github.com/soyaos/soyaos/pkg/kernel v0.1.0-alpha.2/go.mod h1:u4sObGW+dBACdpgHjPUU9CvQ7hlQ/uOI9IPjQzsWFnQ=
github.com/soyaos/soyaos/pkg/llmcall v0.1.0-alpha.2 h1:c5QTV9lTs+ZhfeBv5gxWR7FpxgSIqhdUlysz5Go8E48=
github.com/soyaos/soyaos/pkg/llmcall v0.1.0-alpha.2/go.mod h1:01VgpeSvWzhDbHafR0MFN9cJrnFtuCuunlaR//kpFjs=
github.com/soyaos/soyaos/pkg/scope v0.1.0-alpha.2 h1:Q7xfX7Os3Ne0XB/lUskAQQGs4ZI1MsrMPWpG6E8cI3o=
github.com/soyaos/soyaos/pkg/scope v0.1.0-alpha.2/go.mod h1:/ghRf7i+CrNaUmUO4ZeB/2FzjHjP1t9y9QpfmEGnl2E=
github.com/soyaos/soyaos/pkg/soyapack v0.1.0-alpha.2 h1:b42vMfpQayiCdBFy5EXtiCQT/LB0rq3R+++DbumWG4I=
github.com/soyaos/soyaos/pkg/soyapack v0.1.0-alpha.2/go.mod h1:Ak/hOeRj0t4g9p3mNT8R/wsbDXS31bHTh99UpHyOcjg=
github.com/soyaos/soyaos/pkg/state v0.1.0-alpha.2 h1:eakBVJ1lAIjC2vS5B+1HAplTuMu2YZ1ZFJ6IVTm4skc=
github.com/soyaos/soyaos/pkg/state v0.1.0-alpha.2/go.mod h1:sqcYIz0F+TD5bQW/Pu6uK0vymrN1DnAgnxVDDNzQyJI=
github.com/soyaos/soyaos/pkg/store v0.1.0-alpha.2 h1:97ykynJQiMwZMy5HZNhvIDCE5CtHUtLH93oVRkIAO1A=
github.com/soyaos/soyaos/pkg/store v0.1.0-alpha.2/go.mod h1:M4aJcbPzanLFy9PPgXcfXjwQk5LTN14UjOy0rJibw1w=
github.com/stretchr/testify v1.11.1 h1:7s2iGBzp5EwR7/aIZr8ao5+dra3wiQyKjjFuvgVKu7U=
github.com/stretchr/testify v1.11.1/go.mod h1:wZwfW3scLgRK+23gO65QZefKpKQRnfz6sD981Nm4B6U=
go.etcd.io/bbolt v1.4.3 h1:dEadXpI6G79deX5prL3QRNP6JB8UxVkqo4UPnHaNXJo=
go.etcd.io/bbolt v1.4.3/go.mod h1:tKQlpPaYCVFctUIgFKFnAlvbmB3tpy1vkTnDWohtc0E=
golang.org/x/sync v0.15.0 h1:KWH3jNZsfyT6xfAfKiz6MRNmd46ByHDYaZ7KSkCtdW8=
golang.org/x/sync v0.15.0/go.mod h1:1dzgHSNfp02xaA81J2MS99Qcpr2w7fw1gpm99rleRqA=
golang.org/x/sys v0.34.0 h1:H5Y5sJ2L2JRdyv7ROF1he/lPdvFsd0mJHFw2ThKHxLA=
golang.org/x/sys v0.34.0/go.mod h1:BJP2sWEmIv4KK5OTEluFJCKSidICx8ciO85XgH3Ak8k=
gopkg.in/check.v1 v0.0.0-20161208181325-20d25e280405/go.mod h1:Co6ibVJAznAaIkqp8huTwlJQCZ016jof/cbN4VW5Yz0=
gopkg.in/check.v1 v1.0.0-20201130134442-10cb98267c6c h1:Hei/4ADfdWqJk1ZMxUNpqntNwaWcugrBjAiHlqqRiVk=
gopkg.in/check.v1 v1.0.0-20201130134442-10cb98267c6c/go.mod h1:JHkPIbrfpd72SG/EVd6muEfDQjcINNoR0C8j2r3qZ4Q=
gopkg.in/yaml.v3 v3.0.1 h1:fxVm/GzAzEWqLHuvctI91KS9hhNmmWOoWu0XTYJS7CA=
gopkg.in/yaml.v3 v3.0.1/go.mod h1:K4uyk7z7BCEPqu6E+C64Yfv1cQ7kz7rIZviUmN+EgEM=
